// !$*UTF8*$!
{
	archiveVersion = 1;
	classes = {
	};
	objectVersion = 46;
	objects = {

/* Begin PBXBuildFile section */
		C028CD2E1B4B0B31003DD7E4 /* Agent.cpp in Sources */ = {isa = PBXBuildFile; fileRef = C0CE1DE21B447E6B00F0002E /* Agent.cpp */; };
		C028CD2F1B4B0B31003DD7E4 /* Genome.cpp in Sources */ = {isa = PBXBuildFile; fileRef = C0CE1DEA1B447E6B00F0002E /* Genome.cpp */; };
		C028CD311B4B0CAC003DD7E4 /* Data.cpp in Sources */ = {isa = PBXBuildFile; fileRef = C0CE1DE61B447E6B00F0002E /* Data.cpp */; };
		C028CD321B4B0CAC003DD7E4 /* Gate.cpp in Sources */ = {isa = PBXBuildFile; fileRef = C0CE1DE81B447E6B00F0002E /* Gate.cpp */; };
		C028CD3A1B4B1977003DD7E4 /* main.cpp in Sources */ = {isa = PBXBuildFile; fileRef = C028CD391B4B1977003DD7E4 /* main.cpp */; };
		C028CD401B4B19B8003DD7E4 /* HidatoWorld.cpp in Sources */ = {isa = PBXBuildFile; fileRef = C028CD3E1B4B19B8003DD7E4 /* HidatoWorld.cpp */; };
		C028CD411B4B1AB5003DD7E4 /* Agent.cpp in Sources */ = {isa = PBXBuildFile; fileRef = C0CE1DE21B447E6B00F0002E /* Agent.cpp */; };
		C028CD421B4B1AB5003DD7E4 /* Analyse.cpp in Sources */ = {isa = PBXBuildFile; fileRef = C0CE1DE41B447E6B00F0002E /* Analyse.cpp */; };
		C028CD431B4B1AB5003DD7E4 /* Data.cpp in Sources */ = {isa = PBXBuildFile; fileRef = C0CE1DE61B447E6B00F0002E /* Data.cpp */; };
		C028CD441B4B1AB5003DD7E4 /* Gate.cpp in Sources */ = {isa = PBXBuildFile; fileRef = C0CE1DE81B447E6B00F0002E /* Gate.cpp */; };
		C028CD451B4B1AB5003DD7E4 /* Genome.cpp in Sources */ = {isa = PBXBuildFile; fileRef = C0CE1DEA1B447E6B00F0002E /* Genome.cpp */; };
		C028CD461B4B1AB5003DD7E4 /* Optimizer.cpp in Sources */ = {isa = PBXBuildFile; fileRef = C0CE1DEC1B447E6B00F0002E /* Optimizer.cpp */; };
		C028CD471B4B1AB5003DD7E4 /* World.cpp in Sources */ = {isa = PBXBuildFile; fileRef = C0CE1DEE1B447E6B00F0002E /* World.cpp */; };
		C03E159C1B9E138C007D4E8E /* main.cpp in Sources */ = {isa = PBXBuildFile; fileRef = C03E159B1B9E138C007D4E8E /* main.cpp */; };
		C03E15A01B9E13E1007D4E8E /* Agent.cpp in Sources */ = {isa = PBXBuildFile; fileRef = C0CE1DE21B447E6B00F0002E /* Agent.cpp */; };
		C03E15A11B9E13E1007D4E8E /* Agent.h in Sources */ = {isa = PBXBuildFile; fileRef = C0CE1DE31B447E6B00F0002E /* Agent.h */; };
		C03E15A21B9E13E1007D4E8E /* Analyse.cpp in Sources */ = {isa = PBXBuildFile; fileRef = C0CE1DE41B447E6B00F0002E /* Analyse.cpp */; };
		C03E15A31B9E13E1007D4E8E /* Analyse.h in Sources */ = {isa = PBXBuildFile; fileRef = C0CE1DE51B447E6B00F0002E /* Analyse.h */; };
		C03E15A41B9E13E1007D4E8E /* Data.cpp in Sources */ = {isa = PBXBuildFile; fileRef = C0CE1DE61B447E6B00F0002E /* Data.cpp */; };
		C03E15A51B9E13E1007D4E8E /* Data.h in Sources */ = {isa = PBXBuildFile; fileRef = C0CE1DE71B447E6B00F0002E /* Data.h */; };
		C03E15A61B9E13E1007D4E8E /* Gate.cpp in Sources */ = {isa = PBXBuildFile; fileRef = C0CE1DE81B447E6B00F0002E /* Gate.cpp */; };
		C03E15A71B9E13E1007D4E8E /* Gate.h in Sources */ = {isa = PBXBuildFile; fileRef = C0CE1DE91B447E6B00F0002E /* Gate.h */; };
		C03E15A81B9E13E1007D4E8E /* Genome.cpp in Sources */ = {isa = PBXBuildFile; fileRef = C0CE1DEA1B447E6B00F0002E /* Genome.cpp */; };
		C03E15A91B9E13E1007D4E8E /* Genome.h in Sources */ = {isa = PBXBuildFile; fileRef = C0CE1DEB1B447E6B00F0002E /* Genome.h */; };
		C03E15AA1B9E13E1007D4E8E /* Optimizer.cpp in Sources */ = {isa = PBXBuildFile; fileRef = C0CE1DEC1B447E6B00F0002E /* Optimizer.cpp */; };
		C03E15AB1B9E13E1007D4E8E /* Optimizer.h in Sources */ = {isa = PBXBuildFile; fileRef = C0CE1DED1B447E6B00F0002E /* Optimizer.h */; };
		C03E15AC1B9E13E1007D4E8E /* World.cpp in Sources */ = {isa = PBXBuildFile; fileRef = C0CE1DEE1B447E6B00F0002E /* World.cpp */; };
		C03E15AD1B9E13E1007D4E8E /* World.h in Sources */ = {isa = PBXBuildFile; fileRef = C0CE1DEF1B447E6B00F0002E /* World.h */; };
		C03E15AE1B9E13E1007D4E8E /* fbLearnWorld.cpp in Sources */ = {isa = PBXBuildFile; fileRef = C0B6F35B1B500DCF00457CC2 /* fbLearnWorld.cpp */; };
		C03E15AF1B9E13E1007D4E8E /* fbLearnWorld.h in Sources */ = {isa = PBXBuildFile; fileRef = C0B6F35C1B500DCF00457CC2 /* fbLearnWorld.h */; };
		C03E15B21B9E1424007D4E8E /* BitAgent.cpp in Sources */ = {isa = PBXBuildFile; fileRef = C03E15B01B9E1424007D4E8E /* BitAgent.cpp */; };
		C0472A2D1B68D59B005F17FF /* main.cpp in Sources */ = {isa = PBXBuildFile; fileRef = C0472A2C1B68D59B005F17FF /* main.cpp */; };
		C0472A331B68D5C3005F17FF /* ValueJudgementWorld.cpp in Sources */ = {isa = PBXBuildFile; fileRef = C0472A311B68D5C3005F17FF /* ValueJudgementWorld.cpp */; };
		C0472A341B68DA67005F17FF /* Agent.cpp in Sources */ = {isa = PBXBuildFile; fileRef = C0CE1DE21B447E6B00F0002E /* Agent.cpp */; };
		C0472A351B68DA67005F17FF /* Analyse.cpp in Sources */ = {isa = PBXBuildFile; fileRef = C0CE1DE41B447E6B00F0002E /* Analyse.cpp */; };
		C0472A361B68DA67005F17FF /* Data.cpp in Sources */ = {isa = PBXBuildFile; fileRef = C0CE1DE61B447E6B00F0002E /* Data.cpp */; };
		C0472A371B68DA67005F17FF /* Gate.cpp in Sources */ = {isa = PBXBuildFile; fileRef = C0CE1DE81B447E6B00F0002E /* Gate.cpp */; };
		C0472A381B68DA67005F17FF /* Genome.cpp in Sources */ = {isa = PBXBuildFile; fileRef = C0CE1DEA1B447E6B00F0002E /* Genome.cpp */; };
		C0472A391B68DA67005F17FF /* Optimizer.cpp in Sources */ = {isa = PBXBuildFile; fileRef = C0CE1DEC1B447E6B00F0002E /* Optimizer.cpp */; };
		C0472A3A1B68DA67005F17FF /* World.cpp in Sources */ = {isa = PBXBuildFile; fileRef = C0CE1DEE1B447E6B00F0002E /* World.cpp */; };
		C061BC861BAA077500FB3A13 /* MutationAnalyse.cpp in Sources */ = {isa = PBXBuildFile; fileRef = C061BC841BAA077500FB3A13 /* MutationAnalyse.cpp */; };
		C061BC871BAA077500FB3A13 /* MutationAnalyse.cpp in Sources */ = {isa = PBXBuildFile; fileRef = C061BC841BAA077500FB3A13 /* MutationAnalyse.cpp */; };
		C061BC881BAA077500FB3A13 /* MutationAnalyse.cpp in Sources */ = {isa = PBXBuildFile; fileRef = C061BC841BAA077500FB3A13 /* MutationAnalyse.cpp */; };
		C061BC891BAA077500FB3A13 /* MutationAnalyse.cpp in Sources */ = {isa = PBXBuildFile; fileRef = C061BC841BAA077500FB3A13 /* MutationAnalyse.cpp */; };
		C061BC8A1BAA077500FB3A13 /* MutationAnalyse.cpp in Sources */ = {isa = PBXBuildFile; fileRef = C061BC841BAA077500FB3A13 /* MutationAnalyse.cpp */; };
		C061BC8B1BAA077500FB3A13 /* MutationAnalyse.cpp in Sources */ = {isa = PBXBuildFile; fileRef = C061BC841BAA077500FB3A13 /* MutationAnalyse.cpp */; };
		C061BC8C1BAA077500FB3A13 /* MutationAnalyse.cpp in Sources */ = {isa = PBXBuildFile; fileRef = C061BC841BAA077500FB3A13 /* MutationAnalyse.cpp */; };
		C061BC8D1BAA077500FB3A13 /* MutationAnalyse.cpp in Sources */ = {isa = PBXBuildFile; fileRef = C061BC841BAA077500FB3A13 /* MutationAnalyse.cpp */; };
		C061BC8E1BAA077500FB3A13 /* MutationAnalyse.cpp in Sources */ = {isa = PBXBuildFile; fileRef = C061BC841BAA077500FB3A13 /* MutationAnalyse.cpp */; };
		C0B6F3501B500D7D00457CC2 /* main.cpp in Sources */ = {isa = PBXBuildFile; fileRef = C0B6F34F1B500D7D00457CC2 /* main.cpp */; };
		C0B6F3541B500DB000457CC2 /* Agent.cpp in Sources */ = {isa = PBXBuildFile; fileRef = C0CE1DE21B447E6B00F0002E /* Agent.cpp */; };
		C0B6F3551B500DB000457CC2 /* Analyse.cpp in Sources */ = {isa = PBXBuildFile; fileRef = C0CE1DE41B447E6B00F0002E /* Analyse.cpp */; };
		C0B6F3561B500DB000457CC2 /* Data.cpp in Sources */ = {isa = PBXBuildFile; fileRef = C0CE1DE61B447E6B00F0002E /* Data.cpp */; };
		C0B6F3571B500DB000457CC2 /* Gate.cpp in Sources */ = {isa = PBXBuildFile; fileRef = C0CE1DE81B447E6B00F0002E /* Gate.cpp */; };
		C0B6F3581B500DB000457CC2 /* Genome.cpp in Sources */ = {isa = PBXBuildFile; fileRef = C0CE1DEA1B447E6B00F0002E /* Genome.cpp */; };
		C0B6F3591B500DB000457CC2 /* Optimizer.cpp in Sources */ = {isa = PBXBuildFile; fileRef = C0CE1DEC1B447E6B00F0002E /* Optimizer.cpp */; };
		C0B6F35A1B500DB000457CC2 /* World.cpp in Sources */ = {isa = PBXBuildFile; fileRef = C0CE1DEE1B447E6B00F0002E /* World.cpp */; };
		C0B6F35D1B500DCF00457CC2 /* fbLearnWorld.cpp in Sources */ = {isa = PBXBuildFile; fileRef = C0B6F35B1B500DCF00457CC2 /* fbLearnWorld.cpp */; };
		C0CE1DDC1B447E4800F0002E /* main.cpp in Sources */ = {isa = PBXBuildFile; fileRef = C0CE1DDB1B447E4800F0002E /* main.cpp */; };
		C0CE1DF01B447E6B00F0002E /* Agent.cpp in Sources */ = {isa = PBXBuildFile; fileRef = C0CE1DE21B447E6B00F0002E /* Agent.cpp */; };
		C0CE1DF11B447E6B00F0002E /* Analyse.cpp in Sources */ = {isa = PBXBuildFile; fileRef = C0CE1DE41B447E6B00F0002E /* Analyse.cpp */; };
		C0CE1DF21B447E6B00F0002E /* Data.cpp in Sources */ = {isa = PBXBuildFile; fileRef = C0CE1DE61B447E6B00F0002E /* Data.cpp */; };
		C0CE1DF31B447E6B00F0002E /* Gate.cpp in Sources */ = {isa = PBXBuildFile; fileRef = C0CE1DE81B447E6B00F0002E /* Gate.cpp */; };
		C0CE1DF41B447E6B00F0002E /* Genome.cpp in Sources */ = {isa = PBXBuildFile; fileRef = C0CE1DEA1B447E6B00F0002E /* Genome.cpp */; };
		C0CE1DF51B447E6B00F0002E /* Optimizer.cpp in Sources */ = {isa = PBXBuildFile; fileRef = C0CE1DEC1B447E6B00F0002E /* Optimizer.cpp */; };
		C0CE1DF61B447E6B00F0002E /* World.cpp in Sources */ = {isa = PBXBuildFile; fileRef = C0CE1DEE1B447E6B00F0002E /* World.cpp */; };
		C0CE1DFE1B447EAC00F0002E /* main.cpp in Sources */ = {isa = PBXBuildFile; fileRef = C0CE1DFD1B447EAC00F0002E /* main.cpp */; };
		C0CE1E041B447EC900F0002E /* RedBlueBerryWorld.cpp in Sources */ = {isa = PBXBuildFile; fileRef = C0CE1E021B447EC900F0002E /* RedBlueBerryWorld.cpp */; };
		C0CE1E051B447EE900F0002E /* Agent.cpp in Sources */ = {isa = PBXBuildFile; fileRef = C0CE1DE21B447E6B00F0002E /* Agent.cpp */; };
		C0CE1E071B447EE900F0002E /* Analyse.cpp in Sources */ = {isa = PBXBuildFile; fileRef = C0CE1DE41B447E6B00F0002E /* Analyse.cpp */; };
		C0CE1E091B447EE900F0002E /* Data.cpp in Sources */ = {isa = PBXBuildFile; fileRef = C0CE1DE61B447E6B00F0002E /* Data.cpp */; };
		C0CE1E0B1B447EE900F0002E /* Gate.cpp in Sources */ = {isa = PBXBuildFile; fileRef = C0CE1DE81B447E6B00F0002E /* Gate.cpp */; };
		C0CE1E0D1B447EE900F0002E /* Genome.cpp in Sources */ = {isa = PBXBuildFile; fileRef = C0CE1DEA1B447E6B00F0002E /* Genome.cpp */; };
		C0CE1E0F1B447EE900F0002E /* Optimizer.cpp in Sources */ = {isa = PBXBuildFile; fileRef = C0CE1DEC1B447E6B00F0002E /* Optimizer.cpp */; };
		C0CE1E111B447EE900F0002E /* World.cpp in Sources */ = {isa = PBXBuildFile; fileRef = C0CE1DEE1B447E6B00F0002E /* World.cpp */; };
		C0CE1E211B447F3D00F0002E /* Agent.cpp in Sources */ = {isa = PBXBuildFile; fileRef = C0CE1DE21B447E6B00F0002E /* Agent.cpp */; };
		C0CE1E221B447F3E00F0002E /* Analyse.cpp in Sources */ = {isa = PBXBuildFile; fileRef = C0CE1DE41B447E6B00F0002E /* Analyse.cpp */; };
		C0CE1E231B447F3E00F0002E /* Data.cpp in Sources */ = {isa = PBXBuildFile; fileRef = C0CE1DE61B447E6B00F0002E /* Data.cpp */; };
		C0CE1E241B447F3E00F0002E /* Gate.cpp in Sources */ = {isa = PBXBuildFile; fileRef = C0CE1DE81B447E6B00F0002E /* Gate.cpp */; };
		C0CE1E251B447F3E00F0002E /* Genome.cpp in Sources */ = {isa = PBXBuildFile; fileRef = C0CE1DEA1B447E6B00F0002E /* Genome.cpp */; };
		C0CE1E261B447F3E00F0002E /* Optimizer.cpp in Sources */ = {isa = PBXBuildFile; fileRef = C0CE1DEC1B447E6B00F0002E /* Optimizer.cpp */; };
		C0CE1E271B447F3E00F0002E /* World.cpp in Sources */ = {isa = PBXBuildFile; fileRef = C0CE1DEE1B447E6B00F0002E /* World.cpp */; };
		C0CE1E281B447F3E00F0002E /* RedBlueBerryWorld.cpp in Sources */ = {isa = PBXBuildFile; fileRef = C0CE1E021B447EC900F0002E /* RedBlueBerryWorld.cpp */; };
		C0CE1E301B45DDDC00F0002E /* main.cpp in Sources */ = {isa = PBXBuildFile; fileRef = C0CE1E2F1B45DDDC00F0002E /* main.cpp */; };
		C0CE1E341B45DE0700F0002E /* Agent.cpp in Sources */ = {isa = PBXBuildFile; fileRef = C0CE1DE21B447E6B00F0002E /* Agent.cpp */; };
		C0CE1E351B45DE0700F0002E /* Analyse.cpp in Sources */ = {isa = PBXBuildFile; fileRef = C0CE1DE41B447E6B00F0002E /* Analyse.cpp */; };
		C0CE1E361B45DE0700F0002E /* Data.cpp in Sources */ = {isa = PBXBuildFile; fileRef = C0CE1DE61B447E6B00F0002E /* Data.cpp */; };
		C0CE1E371B45DE0700F0002E /* Gate.cpp in Sources */ = {isa = PBXBuildFile; fileRef = C0CE1DE81B447E6B00F0002E /* Gate.cpp */; };
		C0CE1E381B45DE0700F0002E /* Genome.cpp in Sources */ = {isa = PBXBuildFile; fileRef = C0CE1DEA1B447E6B00F0002E /* Genome.cpp */; };
		C0CE1E391B45DE0700F0002E /* Optimizer.cpp in Sources */ = {isa = PBXBuildFile; fileRef = C0CE1DEC1B447E6B00F0002E /* Optimizer.cpp */; };
		C0CE1E3A1B45DE0700F0002E /* World.cpp in Sources */ = {isa = PBXBuildFile; fileRef = C0CE1DEE1B447E6B00F0002E /* World.cpp */; };
		C0CE1E3D1B45DEAD00F0002E /* BlinkyWorld.cpp in Sources */ = {isa = PBXBuildFile; fileRef = C0CE1E3B1B45DEAC00F0002E /* BlinkyWorld.cpp */; };
		C0EB0E471BB9B8FA00EEC5A0 /* MutationAnalyse.cpp in Sources */ = {isa = PBXBuildFile; fileRef = C061BC841BAA077500FB3A13 /* MutationAnalyse.cpp */; };
		C0EB0E481BB9B8FA00EEC5A0 /* MutationAnalyse.h in Sources */ = {isa = PBXBuildFile; fileRef = C061BC851BAA077500FB3A13 /* MutationAnalyse.h */; };
		C0EB0E491BB9B8FA00EEC5A0 /* Agent.cpp in Sources */ = {isa = PBXBuildFile; fileRef = C0CE1DE21B447E6B00F0002E /* Agent.cpp */; };
		C0EB0E4A1BB9B8FA00EEC5A0 /* Agent.h in Sources */ = {isa = PBXBuildFile; fileRef = C0CE1DE31B447E6B00F0002E /* Agent.h */; };
		C0EB0E4B1BB9B8FA00EEC5A0 /* Analyse.cpp in Sources */ = {isa = PBXBuildFile; fileRef = C0CE1DE41B447E6B00F0002E /* Analyse.cpp */; };
		C0EB0E4C1BB9B8FA00EEC5A0 /* Analyse.h in Sources */ = {isa = PBXBuildFile; fileRef = C0CE1DE51B447E6B00F0002E /* Analyse.h */; };
		C0EB0E4D1BB9B8FA00EEC5A0 /* Data.cpp in Sources */ = {isa = PBXBuildFile; fileRef = C0CE1DE61B447E6B00F0002E /* Data.cpp */; };
		C0EB0E4E1BB9B8FA00EEC5A0 /* Data.h in Sources */ = {isa = PBXBuildFile; fileRef = C0CE1DE71B447E6B00F0002E /* Data.h */; };
		C0EB0E4F1BB9B8FA00EEC5A0 /* Gate.cpp in Sources */ = {isa = PBXBuildFile; fileRef = C0CE1DE81B447E6B00F0002E /* Gate.cpp */; };
		C0EB0E501BB9B8FA00EEC5A0 /* Gate.h in Sources */ = {isa = PBXBuildFile; fileRef = C0CE1DE91B447E6B00F0002E /* Gate.h */; };
		C0EB0E511BB9B8FA00EEC5A0 /* Genome.cpp in Sources */ = {isa = PBXBuildFile; fileRef = C0CE1DEA1B447E6B00F0002E /* Genome.cpp */; };
		C0EB0E521BB9B8FA00EEC5A0 /* Genome.h in Sources */ = {isa = PBXBuildFile; fileRef = C0CE1DEB1B447E6B00F0002E /* Genome.h */; };
		C0EB0E531BB9B8FA00EEC5A0 /* Optimizer.cpp in Sources */ = {isa = PBXBuildFile; fileRef = C0CE1DEC1B447E6B00F0002E /* Optimizer.cpp */; };
		C0EB0E541BB9B8FA00EEC5A0 /* Optimizer.h in Sources */ = {isa = PBXBuildFile; fileRef = C0CE1DED1B447E6B00F0002E /* Optimizer.h */; };
		C0EB0E551BB9B8FA00EEC5A0 /* World.cpp in Sources */ = {isa = PBXBuildFile; fileRef = C0CE1DEE1B447E6B00F0002E /* World.cpp */; };
		C0EB0E561BB9B8FA00EEC5A0 /* World.h in Sources */ = {isa = PBXBuildFile; fileRef = C0CE1DEF1B447E6B00F0002E /* World.h */; };
		C0F7874A1B66481800921D66 /* main.cpp in Sources */ = {isa = PBXBuildFile; fileRef = C0F787491B66481800921D66 /* main.cpp */; };
		C0F787501B66486A00921D66 /* DecisionMakerWorld.cpp in Sources */ = {isa = PBXBuildFile; fileRef = C0F7874E1B66486A00921D66 /* DecisionMakerWorld.cpp */; };
		C0F787511B667FD700921D66 /* Agent.cpp in Sources */ = {isa = PBXBuildFile; fileRef = C0CE1DE21B447E6B00F0002E /* Agent.cpp */; };
		C0F787521B667FD700921D66 /* Analyse.cpp in Sources */ = {isa = PBXBuildFile; fileRef = C0CE1DE41B447E6B00F0002E /* Analyse.cpp */; };
		C0F787531B667FD700921D66 /* Data.cpp in Sources */ = {isa = PBXBuildFile; fileRef = C0CE1DE61B447E6B00F0002E /* Data.cpp */; };
		C0F787541B667FD700921D66 /* Gate.cpp in Sources */ = {isa = PBXBuildFile; fileRef = C0CE1DE81B447E6B00F0002E /* Gate.cpp */; };
		C0F787551B667FD700921D66 /* Genome.cpp in Sources */ = {isa = PBXBuildFile; fileRef = C0CE1DEA1B447E6B00F0002E /* Genome.cpp */; };
		C0F787561B667FD700921D66 /* Optimizer.cpp in Sources */ = {isa = PBXBuildFile; fileRef = C0CE1DEC1B447E6B00F0002E /* Optimizer.cpp */; };
		C0F787571B667FD700921D66 /* World.cpp in Sources */ = {isa = PBXBuildFile; fileRef = C0CE1DEE1B447E6B00F0002E /* World.cpp */; };
/* End PBXBuildFile section */

/* Begin PBXCopyFilesBuildPhase section */
		48E57B781BA2528400E630CC /* CopyFiles */ = {
			isa = PBXCopyFilesBuildPhase;
			buildActionMask = 2147483647;
			dstPath = /usr/share/man/man1/;
			dstSubfolderSpec = 0;
			files = (
			);
			runOnlyForDeploymentPostprocessing = 1;
		};
		C028CD251B4B0B15003DD7E4 /* CopyFiles */ = {
			isa = PBXCopyFilesBuildPhase;
			buildActionMask = 2147483647;
			dstPath = /usr/share/man/man1/;
			dstSubfolderSpec = 0;
			files = (
			);
			runOnlyForDeploymentPostprocessing = 1;
		};
		C028CD351B4B1977003DD7E4 /* CopyFiles */ = {
			isa = PBXCopyFilesBuildPhase;
			buildActionMask = 2147483647;
			dstPath = /usr/share/man/man1/;
			dstSubfolderSpec = 0;
			files = (
			);
			runOnlyForDeploymentPostprocessing = 1;
		};
		C03E15971B9E138B007D4E8E /* CopyFiles */ = {
			isa = PBXCopyFilesBuildPhase;
			buildActionMask = 2147483647;
			dstPath = /usr/share/man/man1/;
			dstSubfolderSpec = 0;
			files = (
			);
			runOnlyForDeploymentPostprocessing = 1;
		};
		C0472A281B68D59B005F17FF /* CopyFiles */ = {
			isa = PBXCopyFilesBuildPhase;
			buildActionMask = 2147483647;
			dstPath = /usr/share/man/man1/;
			dstSubfolderSpec = 0;
			files = (
			);
			runOnlyForDeploymentPostprocessing = 1;
		};
		C0B6F34B1B500D7D00457CC2 /* CopyFiles */ = {
			isa = PBXCopyFilesBuildPhase;
			buildActionMask = 2147483647;
			dstPath = /usr/share/man/man1/;
			dstSubfolderSpec = 0;
			files = (
			);
			runOnlyForDeploymentPostprocessing = 1;
		};
		C0CE1DD61B447E4700F0002E /* CopyFiles */ = {
			isa = PBXCopyFilesBuildPhase;
			buildActionMask = 2147483647;
			dstPath = /usr/share/man/man1/;
			dstSubfolderSpec = 0;
			files = (
			);
			runOnlyForDeploymentPostprocessing = 1;
		};
		C0CE1DF91B447EAC00F0002E /* CopyFiles */ = {
			isa = PBXCopyFilesBuildPhase;
			buildActionMask = 2147483647;
			dstPath = /usr/share/man/man1/;
			dstSubfolderSpec = 0;
			files = (
			);
			runOnlyForDeploymentPostprocessing = 1;
		};
		C0CE1E151B447F1200F0002E /* CopyFiles */ = {
			isa = PBXCopyFilesBuildPhase;
			buildActionMask = 2147483647;
			dstPath = /usr/share/man/man1/;
			dstSubfolderSpec = 0;
			files = (
			);
			runOnlyForDeploymentPostprocessing = 1;
		};
		C0CE1E2B1B45DDDC00F0002E /* CopyFiles */ = {
			isa = PBXCopyFilesBuildPhase;
			buildActionMask = 2147483647;
			dstPath = /usr/share/man/man1/;
			dstSubfolderSpec = 0;
			files = (
			);
			runOnlyForDeploymentPostprocessing = 1;
		};
		C0EB0E3B1BB9B88D00EEC5A0 /* CopyFiles */ = {
			isa = PBXCopyFilesBuildPhase;
			buildActionMask = 2147483647;
			dstPath = /usr/share/man/man1/;
			dstSubfolderSpec = 0;
			files = (
			);
			runOnlyForDeploymentPostprocessing = 1;
		};
		C0F787451B66481800921D66 /* CopyFiles */ = {
			isa = PBXCopyFilesBuildPhase;
			buildActionMask = 2147483647;
			dstPath = /usr/share/man/man1/;
			dstSubfolderSpec = 0;
			files = (
			);
			runOnlyForDeploymentPostprocessing = 1;
		};
/* End PBXCopyFilesBuildPhase section */

/* Begin PBXFileReference section */
		48E57B691BA1F20C00E630CC /* FrenchFlagWorld.cpp */ = {isa = PBXFileReference; lastKnownFileType = sourcecode.cpp.cpp; path = FrenchFlagWorld.cpp; sourceTree = "<group>"; };
		48E57B6A1BA1F20C00E630CC /* FrenchFlagWorld.h */ = {isa = PBXFileReference; lastKnownFileType = sourcecode.c.h; path = FrenchFlagWorld.h; sourceTree = "<group>"; };
		48E57B6B1BA1F20C00E630CC /* main.cpp */ = {isa = PBXFileReference; lastKnownFileType = sourcecode.cpp.cpp; path = main.cpp; sourceTree = "<group>"; };
		48E57B7C1BA2528400E630CC /* HourGlass */ = {isa = PBXFileReference; explicitFileType = "compiled.mach-o.executable"; includeInIndex = 0; path = HourGlass; sourceTree = BUILT_PRODUCTS_DIR; };
		C028CD271B4B0B15003DD7E4 /* MadBotAI_simpleDemo */ = {isa = PBXFileReference; explicitFileType = "compiled.mach-o.executable"; includeInIndex = 0; path = MadBotAI_simpleDemo; sourceTree = BUILT_PRODUCTS_DIR; };
		C028CD371B4B1977003DD7E4 /* Hidato */ = {isa = PBXFileReference; explicitFileType = "compiled.mach-o.executable"; includeInIndex = 0; path = Hidato; sourceTree = BUILT_PRODUCTS_DIR; };
		C028CD391B4B1977003DD7E4 /* main.cpp */ = {isa = PBXFileReference; lastKnownFileType = sourcecode.cpp.cpp; path = main.cpp; sourceTree = "<group>"; };
		C028CD3E1B4B19B8003DD7E4 /* HidatoWorld.cpp */ = {isa = PBXFileReference; fileEncoding = 4; lastKnownFileType = sourcecode.cpp.cpp; path = HidatoWorld.cpp; sourceTree = "<group>"; };
		C028CD3F1B4B19B8003DD7E4 /* HidatoWorld.h */ = {isa = PBXFileReference; fileEncoding = 4; lastKnownFileType = sourcecode.c.h; path = HidatoWorld.h; sourceTree = "<group>"; };
		C03E15991B9E138B007D4E8E /* BitBrain */ = {isa = PBXFileReference; explicitFileType = "compiled.mach-o.executable"; includeInIndex = 0; path = BitBrain; sourceTree = BUILT_PRODUCTS_DIR; };
		C03E159B1B9E138C007D4E8E /* main.cpp */ = {isa = PBXFileReference; lastKnownFileType = sourcecode.cpp.cpp; path = main.cpp; sourceTree = "<group>"; };
		C03E15B01B9E1424007D4E8E /* BitAgent.cpp */ = {isa = PBXFileReference; fileEncoding = 4; lastKnownFileType = sourcecode.cpp.cpp; path = BitAgent.cpp; sourceTree = "<group>"; };
		C03E15B11B9E1424007D4E8E /* BitAgent.h */ = {isa = PBXFileReference; fileEncoding = 4; lastKnownFileType = sourcecode.c.h; path = BitAgent.h; sourceTree = "<group>"; };
		C0472A2A1B68D59B005F17FF /* ValueJudgementBrainSize */ = {isa = PBXFileReference; explicitFileType = "compiled.mach-o.executable"; includeInIndex = 0; path = ValueJudgementBrainSize; sourceTree = BUILT_PRODUCTS_DIR; };
		C0472A2C1B68D59B005F17FF /* main.cpp */ = {isa = PBXFileReference; lastKnownFileType = sourcecode.cpp.cpp; path = main.cpp; sourceTree = "<group>"; };
		C0472A311B68D5C3005F17FF /* ValueJudgementWorld.cpp */ = {isa = PBXFileReference; fileEncoding = 4; lastKnownFileType = sourcecode.cpp.cpp; path = ValueJudgementWorld.cpp; sourceTree = "<group>"; };
		C0472A321B68D5C3005F17FF /* ValueJudgementWorld.h */ = {isa = PBXFileReference; fileEncoding = 4; lastKnownFileType = sourcecode.c.h; path = ValueJudgementWorld.h; sourceTree = "<group>"; };
		C061BC841BAA077500FB3A13 /* MutationAnalyse.cpp */ = {isa = PBXFileReference; fileEncoding = 4; lastKnownFileType = sourcecode.cpp.cpp; path = MutationAnalyse.cpp; sourceTree = "<group>"; };
		C061BC851BAA077500FB3A13 /* MutationAnalyse.h */ = {isa = PBXFileReference; fileEncoding = 4; lastKnownFileType = sourcecode.c.h; path = MutationAnalyse.h; sourceTree = "<group>"; };
		C0B6F34D1B500D7D00457CC2 /* phiFBlearner */ = {isa = PBXFileReference; explicitFileType = "compiled.mach-o.executable"; includeInIndex = 0; path = phiFBlearner; sourceTree = BUILT_PRODUCTS_DIR; };
		C0B6F34F1B500D7D00457CC2 /* main.cpp */ = {isa = PBXFileReference; lastKnownFileType = sourcecode.cpp.cpp; path = main.cpp; sourceTree = "<group>"; };
		C0B6F35B1B500DCF00457CC2 /* fbLearnWorld.cpp */ = {isa = PBXFileReference; fileEncoding = 4; lastKnownFileType = sourcecode.cpp.cpp; path = fbLearnWorld.cpp; sourceTree = "<group>"; };
		C0B6F35C1B500DCF00457CC2 /* fbLearnWorld.h */ = {isa = PBXFileReference; fileEncoding = 4; lastKnownFileType = sourcecode.c.h; path = fbLearnWorld.h; sourceTree = "<group>"; };
		C0CE1DD81B447E4700F0002E /* BasicMarkovBrainTemplate */ = {isa = PBXFileReference; explicitFileType = "compiled.mach-o.executable"; includeInIndex = 0; path = BasicMarkovBrainTemplate; sourceTree = BUILT_PRODUCTS_DIR; };
		C0CE1DDB1B447E4800F0002E /* main.cpp */ = {isa = PBXFileReference; lastKnownFileType = sourcecode.cpp.cpp; path = main.cpp; sourceTree = "<group>"; };
		C0CE1DE21B447E6B00F0002E /* Agent.cpp */ = {isa = PBXFileReference; fileEncoding = 4; lastKnownFileType = sourcecode.cpp.cpp; path = Agent.cpp; sourceTree = "<group>"; };
		C0CE1DE31B447E6B00F0002E /* Agent.h */ = {isa = PBXFileReference; fileEncoding = 4; lastKnownFileType = sourcecode.c.h; path = Agent.h; sourceTree = "<group>"; };
		C0CE1DE41B447E6B00F0002E /* Analyse.cpp */ = {isa = PBXFileReference; fileEncoding = 4; lastKnownFileType = sourcecode.cpp.cpp; path = Analyse.cpp; sourceTree = "<group>"; };
		C0CE1DE51B447E6B00F0002E /* Analyse.h */ = {isa = PBXFileReference; fileEncoding = 4; lastKnownFileType = sourcecode.c.h; path = Analyse.h; sourceTree = "<group>"; };
		C0CE1DE61B447E6B00F0002E /* Data.cpp */ = {isa = PBXFileReference; fileEncoding = 4; lastKnownFileType = sourcecode.cpp.cpp; path = Data.cpp; sourceTree = "<group>"; };
		C0CE1DE71B447E6B00F0002E /* Data.h */ = {isa = PBXFileReference; fileEncoding = 4; lastKnownFileType = sourcecode.c.h; path = Data.h; sourceTree = "<group>"; };
		C0CE1DE81B447E6B00F0002E /* Gate.cpp */ = {isa = PBXFileReference; fileEncoding = 4; lastKnownFileType = sourcecode.cpp.cpp; path = Gate.cpp; sourceTree = "<group>"; };
		C0CE1DE91B447E6B00F0002E /* Gate.h */ = {isa = PBXFileReference; fileEncoding = 4; lastKnownFileType = sourcecode.c.h; path = Gate.h; sourceTree = "<group>"; };
		C0CE1DEA1B447E6B00F0002E /* Genome.cpp */ = {isa = PBXFileReference; fileEncoding = 4; lastKnownFileType = sourcecode.cpp.cpp; path = Genome.cpp; sourceTree = "<group>"; };
		C0CE1DEB1B447E6B00F0002E /* Genome.h */ = {isa = PBXFileReference; fileEncoding = 4; lastKnownFileType = sourcecode.c.h; path = Genome.h; sourceTree = "<group>"; };
		C0CE1DEC1B447E6B00F0002E /* Optimizer.cpp */ = {isa = PBXFileReference; fileEncoding = 4; lastKnownFileType = sourcecode.cpp.cpp; path = Optimizer.cpp; sourceTree = "<group>"; };
		C0CE1DED1B447E6B00F0002E /* Optimizer.h */ = {isa = PBXFileReference; fileEncoding = 4; lastKnownFileType = sourcecode.c.h; path = Optimizer.h; sourceTree = "<group>"; };
		C0CE1DEE1B447E6B00F0002E /* World.cpp */ = {isa = PBXFileReference; fileEncoding = 4; lastKnownFileType = sourcecode.cpp.cpp; path = World.cpp; sourceTree = "<group>"; };
		C0CE1DEF1B447E6B00F0002E /* World.h */ = {isa = PBXFileReference; fileEncoding = 4; lastKnownFileType = sourcecode.c.h; path = World.h; sourceTree = "<group>"; };
		C0CE1DFB1B447EAC00F0002E /* RedBlueBerry */ = {isa = PBXFileReference; explicitFileType = "compiled.mach-o.executable"; includeInIndex = 0; path = RedBlueBerry; sourceTree = BUILT_PRODUCTS_DIR; };
		C0CE1DFD1B447EAC00F0002E /* main.cpp */ = {isa = PBXFileReference; lastKnownFileType = sourcecode.cpp.cpp; path = main.cpp; sourceTree = "<group>"; };
		C0CE1E021B447EC900F0002E /* RedBlueBerryWorld.cpp */ = {isa = PBXFileReference; fileEncoding = 4; lastKnownFileType = sourcecode.cpp.cpp; path = RedBlueBerryWorld.cpp; sourceTree = "<group>"; };
		C0CE1E031B447EC900F0002E /* RedBlueBerryWorld.h */ = {isa = PBXFileReference; fileEncoding = 4; lastKnownFileType = sourcecode.c.h; path = RedBlueBerryWorld.h; sourceTree = "<group>"; };
		C0CE1E171B447F1200F0002E /* MadBotAI */ = {isa = PBXFileReference; explicitFileType = "compiled.mach-o.executable"; includeInIndex = 0; path = MadBotAI; sourceTree = BUILT_PRODUCTS_DIR; };
		C0CE1E2D1B45DDDC00F0002E /* RobustNavigation */ = {isa = PBXFileReference; explicitFileType = "compiled.mach-o.executable"; includeInIndex = 0; path = RobustNavigation; sourceTree = BUILT_PRODUCTS_DIR; };
		C0CE1E2F1B45DDDC00F0002E /* main.cpp */ = {isa = PBXFileReference; lastKnownFileType = sourcecode.cpp.cpp; path = main.cpp; sourceTree = "<group>"; };
		C0CE1E3B1B45DEAC00F0002E /* BlinkyWorld.cpp */ = {isa = PBXFileReference; fileEncoding = 4; lastKnownFileType = sourcecode.cpp.cpp; path = BlinkyWorld.cpp; sourceTree = "<group>"; };
		C0CE1E3C1B45DEAD00F0002E /* BlinkyWorld.h */ = {isa = PBXFileReference; fileEncoding = 4; lastKnownFileType = sourcecode.c.h; path = BlinkyWorld.h; sourceTree = "<group>"; };
		C0EB0E3D1BB9B88D00EEC5A0 /* DummyTestExample */ = {isa = PBXFileReference; explicitFileType = "compiled.mach-o.executable"; includeInIndex = 0; path = DummyTestExample; sourceTree = BUILT_PRODUCTS_DIR; };
		C0F787471B66481800921D66 /* DecisionMaker */ = {isa = PBXFileReference; explicitFileType = "compiled.mach-o.executable"; includeInIndex = 0; path = DecisionMaker; sourceTree = BUILT_PRODUCTS_DIR; };
		C0F787491B66481800921D66 /* main.cpp */ = {isa = PBXFileReference; lastKnownFileType = sourcecode.cpp.cpp; path = main.cpp; sourceTree = "<group>"; };
		C0F7874E1B66486A00921D66 /* DecisionMakerWorld.cpp */ = {isa = PBXFileReference; fileEncoding = 4; lastKnownFileType = sourcecode.cpp.cpp; path = DecisionMakerWorld.cpp; sourceTree = "<group>"; };
		C0F7874F1B66486A00921D66 /* DecisionMakerWorld.h */ = {isa = PBXFileReference; fileEncoding = 4; lastKnownFileType = sourcecode.c.h; path = DecisionMakerWorld.h; sourceTree = "<group>"; };
/* End PBXFileReference section */

/* Begin PBXFrameworksBuildPhase section */
		48E57B771BA2528400E630CC /* Frameworks */ = {
			isa = PBXFrameworksBuildPhase;
			buildActionMask = 2147483647;
			files = (
			);
			runOnlyForDeploymentPostprocessing = 0;
		};
		C028CD241B4B0B15003DD7E4 /* Frameworks */ = {
			isa = PBXFrameworksBuildPhase;
			buildActionMask = 2147483647;
			files = (
			);
			runOnlyForDeploymentPostprocessing = 0;
		};
		C028CD341B4B1977003DD7E4 /* Frameworks */ = {
			isa = PBXFrameworksBuildPhase;
			buildActionMask = 2147483647;
			files = (
			);
			runOnlyForDeploymentPostprocessing = 0;
		};
		C03E15961B9E138B007D4E8E /* Frameworks */ = {
			isa = PBXFrameworksBuildPhase;
			buildActionMask = 2147483647;
			files = (
			);
			runOnlyForDeploymentPostprocessing = 0;
		};
		C0472A271B68D59B005F17FF /* Frameworks */ = {
			isa = PBXFrameworksBuildPhase;
			buildActionMask = 2147483647;
			files = (
			);
			runOnlyForDeploymentPostprocessing = 0;
		};
		C0B6F34A1B500D7D00457CC2 /* Frameworks */ = {
			isa = PBXFrameworksBuildPhase;
			buildActionMask = 2147483647;
			files = (
			);
			runOnlyForDeploymentPostprocessing = 0;
		};
		C0CE1DD51B447E4700F0002E /* Frameworks */ = {
			isa = PBXFrameworksBuildPhase;
			buildActionMask = 2147483647;
			files = (
			);
			runOnlyForDeploymentPostprocessing = 0;
		};
		C0CE1DF81B447EAC00F0002E /* Frameworks */ = {
			isa = PBXFrameworksBuildPhase;
			buildActionMask = 2147483647;
			files = (
			);
			runOnlyForDeploymentPostprocessing = 0;
		};
		C0CE1E141B447F1200F0002E /* Frameworks */ = {
			isa = PBXFrameworksBuildPhase;
			buildActionMask = 2147483647;
			files = (
			);
			runOnlyForDeploymentPostprocessing = 0;
		};
		C0CE1E2A1B45DDDC00F0002E /* Frameworks */ = {
			isa = PBXFrameworksBuildPhase;
			buildActionMask = 2147483647;
			files = (
			);
			runOnlyForDeploymentPostprocessing = 0;
		};
		C0EB0E3A1BB9B88D00EEC5A0 /* Frameworks */ = {
			isa = PBXFrameworksBuildPhase;
			buildActionMask = 2147483647;
			files = (
			);
			runOnlyForDeploymentPostprocessing = 0;
		};
		C0F787441B66481800921D66 /* Frameworks */ = {
			isa = PBXFrameworksBuildPhase;
			buildActionMask = 2147483647;
			files = (
			);
			runOnlyForDeploymentPostprocessing = 0;
		};
/* End PBXFrameworksBuildPhase section */

/* Begin PBXGroup section */
		48E57B681BA1F20C00E630CC /* HourGlass */ = {
			isa = PBXGroup;
			children = (
				48E57B691BA1F20C00E630CC /* FrenchFlagWorld.cpp */,
				48E57B6A1BA1F20C00E630CC /* FrenchFlagWorld.h */,
				48E57B6B1BA1F20C00E630CC /* main.cpp */,
			);
			path = HourGlass;
			sourceTree = "<group>";
		};
		C028CD381B4B1977003DD7E4 /* Hidato */ = {
			isa = PBXGroup;
			children = (
				C028CD391B4B1977003DD7E4 /* main.cpp */,
				C028CD3E1B4B19B8003DD7E4 /* HidatoWorld.cpp */,
				C028CD3F1B4B19B8003DD7E4 /* HidatoWorld.h */,
			);
			path = Hidato;
			sourceTree = "<group>";
		};
		C03E159A1B9E138C007D4E8E /* BitBrain */ = {
			isa = PBXGroup;
			children = (
				C03E159B1B9E138C007D4E8E /* main.cpp */,
				C03E15B01B9E1424007D4E8E /* BitAgent.cpp */,
				C03E15B11B9E1424007D4E8E /* BitAgent.h */,
			);
			path = BitBrain;
			sourceTree = "<group>";
		};
		C0472A2B1B68D59B005F17FF /* ValueJudgementBrainSize */ = {
			isa = PBXGroup;
			children = (
				C0472A2C1B68D59B005F17FF /* main.cpp */,
				C0472A311B68D5C3005F17FF /* ValueJudgementWorld.cpp */,
				C0472A321B68D5C3005F17FF /* ValueJudgementWorld.h */,
			);
			path = ValueJudgementBrainSize;
			sourceTree = "<group>";
		};
		C0B6F34E1B500D7D00457CC2 /* phiFBlearner */ = {
			isa = PBXGroup;
			children = (
				C0B6F34F1B500D7D00457CC2 /* main.cpp */,
				C0B6F35B1B500DCF00457CC2 /* fbLearnWorld.cpp */,
				C0B6F35C1B500DCF00457CC2 /* fbLearnWorld.h */,
			);
			path = phiFBlearner;
			sourceTree = "<group>";
		};
		C0CE1DCF1B447E4700F0002E = {
			isa = PBXGroup;
			children = (
				C0CE1DDA1B447E4800F0002E /* BasicMarkovBrainTemplate */,
				C0CE1DFC1B447EAC00F0002E /* RedBlueBerry */,
				C0CE1E2E1B45DDDC00F0002E /* RobustNavigation */,
				C028CD381B4B1977003DD7E4 /* Hidato */,
				C0B6F34E1B500D7D00457CC2 /* phiFBlearner */,
				C0F787481B66481800921D66 /* DecisionMaker */,
				48E57B681BA1F20C00E630CC /* HourGlass */,
				C0472A2B1B68D59B005F17FF /* ValueJudgementBrainSize */,
				C03E159A1B9E138C007D4E8E /* BitBrain */,
				C0CE1DD91B447E4700F0002E /* Products */,
			);
			sourceTree = "<group>";
		};
		C0CE1DD91B447E4700F0002E /* Products */ = {
			isa = PBXGroup;
			children = (
				C0CE1DD81B447E4700F0002E /* BasicMarkovBrainTemplate */,
				C0CE1DFB1B447EAC00F0002E /* RedBlueBerry */,
				C0CE1E171B447F1200F0002E /* MadBotAI */,
				C0CE1E2D1B45DDDC00F0002E /* RobustNavigation */,
				C028CD271B4B0B15003DD7E4 /* MadBotAI_simpleDemo */,
				C028CD371B4B1977003DD7E4 /* Hidato */,
				C0B6F34D1B500D7D00457CC2 /* phiFBlearner */,
				C0F787471B66481800921D66 /* DecisionMaker */,
				48E57B7C1BA2528400E630CC /* HourGlass */,
				C0472A2A1B68D59B005F17FF /* ValueJudgementBrainSize */,
				C03E15991B9E138B007D4E8E /* BitBrain */,
				C0EB0E3D1BB9B88D00EEC5A0 /* DummyTestExample */,
			);
			name = Products;
			sourceTree = "<group>";
		};
		C0CE1DDA1B447E4800F0002E /* BasicMarkovBrainTemplate */ = {
			isa = PBXGroup;
			children = (
				C061BC841BAA077500FB3A13 /* MutationAnalyse.cpp */,
				C061BC851BAA077500FB3A13 /* MutationAnalyse.h */,
				C0CE1DDB1B447E4800F0002E /* main.cpp */,
				C0CE1DE21B447E6B00F0002E /* Agent.cpp */,
				C0CE1DE31B447E6B00F0002E /* Agent.h */,
				C0CE1DE41B447E6B00F0002E /* Analyse.cpp */,
				C0CE1DE51B447E6B00F0002E /* Analyse.h */,
				C0CE1DE61B447E6B00F0002E /* Data.cpp */,
				C0CE1DE71B447E6B00F0002E /* Data.h */,
				C0CE1DE81B447E6B00F0002E /* Gate.cpp */,
				C0CE1DE91B447E6B00F0002E /* Gate.h */,
				C0CE1DEA1B447E6B00F0002E /* Genome.cpp */,
				C0CE1DEB1B447E6B00F0002E /* Genome.h */,
				C0CE1DEC1B447E6B00F0002E /* Optimizer.cpp */,
				C0CE1DED1B447E6B00F0002E /* Optimizer.h */,
				C0CE1DEE1B447E6B00F0002E /* World.cpp */,
				C0CE1DEF1B447E6B00F0002E /* World.h */,
			);
			path = BasicMarkovBrainTemplate;
			sourceTree = "<group>";
		};
		C0CE1DFC1B447EAC00F0002E /* RedBlueBerry */ = {
			isa = PBXGroup;
			children = (
				C0CE1DFD1B447EAC00F0002E /* main.cpp */,
				C0CE1E021B447EC900F0002E /* RedBlueBerryWorld.cpp */,
				C0CE1E031B447EC900F0002E /* RedBlueBerryWorld.h */,
			);
			path = RedBlueBerry;
			sourceTree = "<group>";
		};
		C0CE1E2E1B45DDDC00F0002E /* RobustNavigation */ = {
			isa = PBXGroup;
			children = (
				C0CE1E2F1B45DDDC00F0002E /* main.cpp */,
				C0CE1E3B1B45DEAC00F0002E /* BlinkyWorld.cpp */,
				C0CE1E3C1B45DEAD00F0002E /* BlinkyWorld.h */,
			);
			path = RobustNavigation;
			sourceTree = "<group>";
		};
		C0F787481B66481800921D66 /* DecisionMaker */ = {
			isa = PBXGroup;
			children = (
				C0F787491B66481800921D66 /* main.cpp */,
				C0F7874E1B66486A00921D66 /* DecisionMakerWorld.cpp */,
				C0F7874F1B66486A00921D66 /* DecisionMakerWorld.h */,
			);
			path = DecisionMaker;
			sourceTree = "<group>";
		};
/* End PBXGroup section */

/* Begin PBXNativeTarget section */
		48E57B6C1BA2528400E630CC /* HourGlass */ = {
			isa = PBXNativeTarget;
			buildConfigurationList = 48E57B791BA2528400E630CC /* Build configuration list for PBXNativeTarget "HourGlass" */;
			buildPhases = (
				48E57B6D1BA2528400E630CC /* Sources */,
				48E57B771BA2528400E630CC /* Frameworks */,
				48E57B781BA2528400E630CC /* CopyFiles */,
			);
			buildRules = (
			);
			dependencies = (
			);
			name = HourGlass;
			productName = DecisionMaker;
			productReference = 48E57B7C1BA2528400E630CC /* HourGlass */;
			productType = "com.apple.product-type.tool";
		};
		C028CD261B4B0B15003DD7E4 /* MadBotAI_simpleDemo */ = {
			isa = PBXNativeTarget;
			buildConfigurationList = C028CD2D1B4B0B16003DD7E4 /* Build configuration list for PBXNativeTarget "MadBotAI_simpleDemo" */;
			buildPhases = (
				C028CD231B4B0B15003DD7E4 /* Sources */,
				C028CD241B4B0B15003DD7E4 /* Frameworks */,
				C028CD251B4B0B15003DD7E4 /* CopyFiles */,
			);
			buildRules = (
			);
			dependencies = (
			);
			name = MadBotAI_simpleDemo;
			productName = MadBotAI_simpleDemo;
			productReference = C028CD271B4B0B15003DD7E4 /* MadBotAI_simpleDemo */;
			productType = "com.apple.product-type.tool";
		};
		C028CD361B4B1977003DD7E4 /* Hidato */ = {
			isa = PBXNativeTarget;
			buildConfigurationList = C028CD3D1B4B1977003DD7E4 /* Build configuration list for PBXNativeTarget "Hidato" */;
			buildPhases = (
				C028CD331B4B1977003DD7E4 /* Sources */,
				C028CD341B4B1977003DD7E4 /* Frameworks */,
				C028CD351B4B1977003DD7E4 /* CopyFiles */,
			);
			buildRules = (
			);
			dependencies = (
			);
			name = Hidato;
			productName = Hidato;
			productReference = C028CD371B4B1977003DD7E4 /* Hidato */;
			productType = "com.apple.product-type.tool";
		};
		C03E15981B9E138B007D4E8E /* BitBrain */ = {
			isa = PBXNativeTarget;
			buildConfigurationList = C03E159F1B9E138C007D4E8E /* Build configuration list for PBXNativeTarget "BitBrain" */;
			buildPhases = (
				C03E15951B9E138B007D4E8E /* Sources */,
				C03E15961B9E138B007D4E8E /* Frameworks */,
				C03E15971B9E138B007D4E8E /* CopyFiles */,
			);
			buildRules = (
			);
			dependencies = (
			);
			name = BitBrain;
			productName = BitBrain;
			productReference = C03E15991B9E138B007D4E8E /* BitBrain */;
			productType = "com.apple.product-type.tool";
		};
		C0472A291B68D59B005F17FF /* ValueJudgementBrainSize */ = {
			isa = PBXNativeTarget;
			buildConfigurationList = C0472A301B68D59B005F17FF /* Build configuration list for PBXNativeTarget "ValueJudgementBrainSize" */;
			buildPhases = (
				C0472A261B68D59B005F17FF /* Sources */,
				C0472A271B68D59B005F17FF /* Frameworks */,
				C0472A281B68D59B005F17FF /* CopyFiles */,
			);
			buildRules = (
			);
			dependencies = (
			);
			name = ValueJudgementBrainSize;
			productName = ValueJudgementBrainSize;
			productReference = C0472A2A1B68D59B005F17FF /* ValueJudgementBrainSize */;
			productType = "com.apple.product-type.tool";
		};
		C0B6F34C1B500D7D00457CC2 /* phiFBlearner */ = {
			isa = PBXNativeTarget;
			buildConfigurationList = C0B6F3531B500D7D00457CC2 /* Build configuration list for PBXNativeTarget "phiFBlearner" */;
			buildPhases = (
				C0B6F3491B500D7D00457CC2 /* Sources */,
				C0B6F34A1B500D7D00457CC2 /* Frameworks */,
				C0B6F34B1B500D7D00457CC2 /* CopyFiles */,
			);
			buildRules = (
			);
			dependencies = (
			);
			name = phiFBlearner;
			productName = phiFBlearner;
			productReference = C0B6F34D1B500D7D00457CC2 /* phiFBlearner */;
			productType = "com.apple.product-type.tool";
		};
		C0CE1DD71B447E4700F0002E /* BasicMarkovBrainTemplate */ = {
			isa = PBXNativeTarget;
			buildConfigurationList = C0CE1DDF1B447E4800F0002E /* Build configuration list for PBXNativeTarget "BasicMarkovBrainTemplate" */;
			buildPhases = (
				C0CE1DD41B447E4700F0002E /* Sources */,
				C0CE1DD51B447E4700F0002E /* Frameworks */,
				C0CE1DD61B447E4700F0002E /* CopyFiles */,
			);
			buildRules = (
			);
			dependencies = (
			);
			name = BasicMarkovBrainTemplate;
			productName = BasicMarkovBrainTemplate;
			productReference = C0CE1DD81B447E4700F0002E /* BasicMarkovBrainTemplate */;
			productType = "com.apple.product-type.tool";
		};
		C0CE1DFA1B447EAC00F0002E /* RedBlueBerry */ = {
			isa = PBXNativeTarget;
			buildConfigurationList = C0CE1DFF1B447EAC00F0002E /* Build configuration list for PBXNativeTarget "RedBlueBerry" */;
			buildPhases = (
				C0CE1DF71B447EAC00F0002E /* Sources */,
				C0CE1DF81B447EAC00F0002E /* Frameworks */,
				C0CE1DF91B447EAC00F0002E /* CopyFiles */,
			);
			buildRules = (
			);
			dependencies = (
			);
			name = RedBlueBerry;
			productName = RedBlueBerry;
			productReference = C0CE1DFB1B447EAC00F0002E /* RedBlueBerry */;
			productType = "com.apple.product-type.tool";
		};
		C0CE1E161B447F1200F0002E /* MadBotAI */ = {
			isa = PBXNativeTarget;
			buildConfigurationList = C0CE1E1B1B447F1200F0002E /* Build configuration list for PBXNativeTarget "MadBotAI" */;
			buildPhases = (
				C0CE1E131B447F1200F0002E /* Sources */,
				C0CE1E141B447F1200F0002E /* Frameworks */,
				C0CE1E151B447F1200F0002E /* CopyFiles */,
			);
			buildRules = (
			);
			dependencies = (
			);
			name = MadBotAI;
			productName = MadBotAI;
			productReference = C0CE1E171B447F1200F0002E /* MadBotAI */;
			productType = "com.apple.product-type.tool";
		};
		C0CE1E2C1B45DDDC00F0002E /* RobustNavigation */ = {
			isa = PBXNativeTarget;
			buildConfigurationList = C0CE1E311B45DDDC00F0002E /* Build configuration list for PBXNativeTarget "RobustNavigation" */;
			buildPhases = (
				C0CE1E291B45DDDC00F0002E /* Sources */,
				C0CE1E2A1B45DDDC00F0002E /* Frameworks */,
				C0CE1E2B1B45DDDC00F0002E /* CopyFiles */,
			);
			buildRules = (
			);
			dependencies = (
			);
			name = RobustNavigation;
			productName = RobustNavigation;
			productReference = C0CE1E2D1B45DDDC00F0002E /* RobustNavigation */;
			productType = "com.apple.product-type.tool";
		};
		C0EB0E3C1BB9B88D00EEC5A0 /* DummyTestExample */ = {
			isa = PBXNativeTarget;
			buildConfigurationList = C0EB0E431BB9B88D00EEC5A0 /* Build configuration list for PBXNativeTarget "DummyTestExample" */;
			buildPhases = (
				C0EB0E391BB9B88D00EEC5A0 /* Sources */,
				C0EB0E3A1BB9B88D00EEC5A0 /* Frameworks */,
				C0EB0E3B1BB9B88D00EEC5A0 /* CopyFiles */,
			);
			buildRules = (
			);
			dependencies = (
			);
			name = DummyTestExample;
			productName = DummyTestExample;
			productReference = C0EB0E3D1BB9B88D00EEC5A0 /* DummyTestExample */;
			productType = "com.apple.product-type.tool";
		};
		C0F787461B66481800921D66 /* DecisionMaker */ = {
			isa = PBXNativeTarget;
			buildConfigurationList = C0F7874D1B66481800921D66 /* Build configuration list for PBXNativeTarget "DecisionMaker" */;
			buildPhases = (
				C0F787431B66481800921D66 /* Sources */,
				C0F787441B66481800921D66 /* Frameworks */,
				C0F787451B66481800921D66 /* CopyFiles */,
			);
			buildRules = (
			);
			dependencies = (
			);
			name = DecisionMaker;
			productName = DecisionMaker;
			productReference = C0F787471B66481800921D66 /* DecisionMaker */;
			productType = "com.apple.product-type.tool";
		};
/* End PBXNativeTarget section */

/* Begin PBXProject section */
		C0CE1DD01B447E4700F0002E /* Project object */ = {
			isa = PBXProject;
			attributes = {
				LastUpgradeCheck = 0630;
				ORGANIZATIONNAME = "Arend Hintze";
				TargetAttributes = {
					C028CD261B4B0B15003DD7E4 = {
						CreatedOnToolsVersion = 6.3.1;
					};
					C028CD361B4B1977003DD7E4 = {
						CreatedOnToolsVersion = 6.3.1;
					};
					C03E15981B9E138B007D4E8E = {
						CreatedOnToolsVersion = 6.4;
					};
					C0472A291B68D59B005F17FF = {
						CreatedOnToolsVersion = 6.4;
					};
					C0B6F34C1B500D7D00457CC2 = {
						CreatedOnToolsVersion = 6.4;
					};
					C0CE1DD71B447E4700F0002E = {
						CreatedOnToolsVersion = 6.3.1;
					};
					C0CE1DFA1B447EAC00F0002E = {
						CreatedOnToolsVersion = 6.3.1;
					};
					C0CE1E161B447F1200F0002E = {
						CreatedOnToolsVersion = 6.3.1;
					};
					C0CE1E2C1B45DDDC00F0002E = {
						CreatedOnToolsVersion = 6.3.1;
					};
					C0EB0E3C1BB9B88D00EEC5A0 = {
						CreatedOnToolsVersion = 7.0;
					};
					C0F787461B66481800921D66 = {
						CreatedOnToolsVersion = 6.4;
					};
				};
			};
			buildConfigurationList = C0CE1DD31B447E4700F0002E /* Build configuration list for PBXProject "BasicMarkovBrainTemplate" */;
			compatibilityVersion = "Xcode 3.2";
			developmentRegion = English;
			hasScannedForEncodings = 0;
			knownRegions = (
				en,
			);
			mainGroup = C0CE1DCF1B447E4700F0002E;
			productRefGroup = C0CE1DD91B447E4700F0002E /* Products */;
			projectDirPath = "";
			projectRoot = "";
			targets = (
				C0CE1DD71B447E4700F0002E /* BasicMarkovBrainTemplate */,
				C0CE1DFA1B447EAC00F0002E /* RedBlueBerry */,
				C0CE1E161B447F1200F0002E /* MadBotAI */,
				C0CE1E2C1B45DDDC00F0002E /* RobustNavigation */,
				C028CD261B4B0B15003DD7E4 /* MadBotAI_simpleDemo */,
				C028CD361B4B1977003DD7E4 /* Hidato */,
				C0B6F34C1B500D7D00457CC2 /* phiFBlearner */,
				C0F787461B66481800921D66 /* DecisionMaker */,
				48E57B6C1BA2528400E630CC /* HourGlass */,
				C0472A291B68D59B005F17FF /* ValueJudgementBrainSize */,
				C03E15981B9E138B007D4E8E /* BitBrain */,
				C0EB0E3C1BB9B88D00EEC5A0 /* DummyTestExample */,
			);
		};
/* End PBXProject section */

/* Begin PBXSourcesBuildPhase section */
		48E57B6D1BA2528400E630CC /* Sources */ = {
			isa = PBXSourcesBuildPhase;
			buildActionMask = 2147483647;
			files = (
			);
			runOnlyForDeploymentPostprocessing = 0;
		};
		C028CD231B4B0B15003DD7E4 /* Sources */ = {
			isa = PBXSourcesBuildPhase;
			buildActionMask = 2147483647;
			files = (
				C028CD311B4B0CAC003DD7E4 /* Data.cpp in Sources */,
				C061BC8A1BAA077500FB3A13 /* MutationAnalyse.cpp in Sources */,
				C028CD321B4B0CAC003DD7E4 /* Gate.cpp in Sources */,
				C028CD2E1B4B0B31003DD7E4 /* Agent.cpp in Sources */,
				C028CD2F1B4B0B31003DD7E4 /* Genome.cpp in Sources */,
			);
			runOnlyForDeploymentPostprocessing = 0;
		};
		C028CD331B4B1977003DD7E4 /* Sources */ = {
			isa = PBXSourcesBuildPhase;
			buildActionMask = 2147483647;
			files = (
				C028CD411B4B1AB5003DD7E4 /* Agent.cpp in Sources */,
				C028CD421B4B1AB5003DD7E4 /* Analyse.cpp in Sources */,
				C028CD431B4B1AB5003DD7E4 /* Data.cpp in Sources */,
				C028CD441B4B1AB5003DD7E4 /* Gate.cpp in Sources */,
				C028CD451B4B1AB5003DD7E4 /* Genome.cpp in Sources */,
				C028CD461B4B1AB5003DD7E4 /* Optimizer.cpp in Sources */,
				C061BC8B1BAA077500FB3A13 /* MutationAnalyse.cpp in Sources */,
				C028CD471B4B1AB5003DD7E4 /* World.cpp in Sources */,
				C028CD3A1B4B1977003DD7E4 /* main.cpp in Sources */,
				C028CD401B4B19B8003DD7E4 /* HidatoWorld.cpp in Sources */,
			);
			runOnlyForDeploymentPostprocessing = 0;
		};
		C03E15951B9E138B007D4E8E /* Sources */ = {
			isa = PBXSourcesBuildPhase;
			buildActionMask = 2147483647;
			files = (
				C03E15A01B9E13E1007D4E8E /* Agent.cpp in Sources */,
				C03E15A11B9E13E1007D4E8E /* Agent.h in Sources */,
				C03E15A21B9E13E1007D4E8E /* Analyse.cpp in Sources */,
				C03E15A31B9E13E1007D4E8E /* Analyse.h in Sources */,
				C03E15A41B9E13E1007D4E8E /* Data.cpp in Sources */,
				C03E15A51B9E13E1007D4E8E /* Data.h in Sources */,
				C03E15A61B9E13E1007D4E8E /* Gate.cpp in Sources */,
				C03E15A71B9E13E1007D4E8E /* Gate.h in Sources */,
				C03E15A81B9E13E1007D4E8E /* Genome.cpp in Sources */,
				C03E15A91B9E13E1007D4E8E /* Genome.h in Sources */,
				C03E15AA1B9E13E1007D4E8E /* Optimizer.cpp in Sources */,
				C03E15AB1B9E13E1007D4E8E /* Optimizer.h in Sources */,
				C03E15AC1B9E13E1007D4E8E /* World.cpp in Sources */,
				C03E15AD1B9E13E1007D4E8E /* World.h in Sources */,
				C03E15AE1B9E13E1007D4E8E /* fbLearnWorld.cpp in Sources */,
				C03E15AF1B9E13E1007D4E8E /* fbLearnWorld.h in Sources */,
				C03E15B21B9E1424007D4E8E /* BitAgent.cpp in Sources */,
				C03E159C1B9E138C007D4E8E /* main.cpp in Sources */,
			);
			runOnlyForDeploymentPostprocessing = 0;
		};
		C0472A261B68D59B005F17FF /* Sources */ = {
			isa = PBXSourcesBuildPhase;
			buildActionMask = 2147483647;
			files = (
				C0472A341B68DA67005F17FF /* Agent.cpp in Sources */,
				C0472A351B68DA67005F17FF /* Analyse.cpp in Sources */,
				C0472A361B68DA67005F17FF /* Data.cpp in Sources */,
				C0472A371B68DA67005F17FF /* Gate.cpp in Sources */,
				C0472A381B68DA67005F17FF /* Genome.cpp in Sources */,
				C0472A391B68DA67005F17FF /* Optimizer.cpp in Sources */,
				C061BC8E1BAA077500FB3A13 /* MutationAnalyse.cpp in Sources */,
				C0472A3A1B68DA67005F17FF /* World.cpp in Sources */,
				C0472A331B68D5C3005F17FF /* ValueJudgementWorld.cpp in Sources */,
				C0472A2D1B68D59B005F17FF /* main.cpp in Sources */,
			);
			runOnlyForDeploymentPostprocessing = 0;
		};
		C0B6F3491B500D7D00457CC2 /* Sources */ = {
			isa = PBXSourcesBuildPhase;
			buildActionMask = 2147483647;
			files = (
				C0B6F35D1B500DCF00457CC2 /* fbLearnWorld.cpp in Sources */,
				C0B6F3541B500DB000457CC2 /* Agent.cpp in Sources */,
				C0B6F3551B500DB000457CC2 /* Analyse.cpp in Sources */,
				C0B6F3561B500DB000457CC2 /* Data.cpp in Sources */,
				C0B6F3571B500DB000457CC2 /* Gate.cpp in Sources */,
				C0B6F3581B500DB000457CC2 /* Genome.cpp in Sources */,
				C061BC8C1BAA077500FB3A13 /* MutationAnalyse.cpp in Sources */,
				C0B6F3591B500DB000457CC2 /* Optimizer.cpp in Sources */,
				C0B6F35A1B500DB000457CC2 /* World.cpp in Sources */,
				C0B6F3501B500D7D00457CC2 /* main.cpp in Sources */,
			);
			runOnlyForDeploymentPostprocessing = 0;
		};
		C0CE1DD41B447E4700F0002E /* Sources */ = {
			isa = PBXSourcesBuildPhase;
			buildActionMask = 2147483647;
			files = (
				C0CE1DDC1B447E4800F0002E /* main.cpp in Sources */,
				C0CE1DF01B447E6B00F0002E /* Agent.cpp in Sources */,
				C0CE1DF61B447E6B00F0002E /* World.cpp in Sources */,
				C0CE1DF11B447E6B00F0002E /* Analyse.cpp in Sources */,
				C0CE1DF21B447E6B00F0002E /* Data.cpp in Sources */,
				C0CE1DF41B447E6B00F0002E /* Genome.cpp in Sources */,
				C0CE1DF31B447E6B00F0002E /* Gate.cpp in Sources */,
				C061BC861BAA077500FB3A13 /* MutationAnalyse.cpp in Sources */,
				C0CE1DF51B447E6B00F0002E /* Optimizer.cpp in Sources */,
			);
			runOnlyForDeploymentPostprocessing = 0;
		};
		C0CE1DF71B447EAC00F0002E /* Sources */ = {
			isa = PBXSourcesBuildPhase;
			buildActionMask = 2147483647;
			files = (
				C0CE1E051B447EE900F0002E /* Agent.cpp in Sources */,
				C0CE1E071B447EE900F0002E /* Analyse.cpp in Sources */,
				C0CE1E091B447EE900F0002E /* Data.cpp in Sources */,
				C0CE1E0B1B447EE900F0002E /* Gate.cpp in Sources */,
				C0CE1E0D1B447EE900F0002E /* Genome.cpp in Sources */,
				C0CE1E0F1B447EE900F0002E /* Optimizer.cpp in Sources */,
				C061BC871BAA077500FB3A13 /* MutationAnalyse.cpp in Sources */,
				C0CE1E111B447EE900F0002E /* World.cpp in Sources */,
				C0CE1DFE1B447EAC00F0002E /* main.cpp in Sources */,
				C0CE1E041B447EC900F0002E /* RedBlueBerryWorld.cpp in Sources */,
			);
			runOnlyForDeploymentPostprocessing = 0;
		};
		C0CE1E131B447F1200F0002E /* Sources */ = {
			isa = PBXSourcesBuildPhase;
			buildActionMask = 2147483647;
			files = (
				C0CE1E211B447F3D00F0002E /* Agent.cpp in Sources */,
				C0CE1E221B447F3E00F0002E /* Analyse.cpp in Sources */,
				C0CE1E231B447F3E00F0002E /* Data.cpp in Sources */,
				C0CE1E241B447F3E00F0002E /* Gate.cpp in Sources */,
				C0CE1E251B447F3E00F0002E /* Genome.cpp in Sources */,
				C0CE1E261B447F3E00F0002E /* Optimizer.cpp in Sources */,
				C0CE1E271B447F3E00F0002E /* World.cpp in Sources */,
				C061BC881BAA077500FB3A13 /* MutationAnalyse.cpp in Sources */,
				C0CE1E281B447F3E00F0002E /* RedBlueBerryWorld.cpp in Sources */,
			);
			runOnlyForDeploymentPostprocessing = 0;
		};
		C0CE1E291B45DDDC00F0002E /* Sources */ = {
			isa = PBXSourcesBuildPhase;
			buildActionMask = 2147483647;
			files = (
				C0CE1E341B45DE0700F0002E /* Agent.cpp in Sources */,
				C0CE1E351B45DE0700F0002E /* Analyse.cpp in Sources */,
				C0CE1E361B45DE0700F0002E /* Data.cpp in Sources */,
				C0CE1E371B45DE0700F0002E /* Gate.cpp in Sources */,
				C0CE1E381B45DE0700F0002E /* Genome.cpp in Sources */,
				C0CE1E391B45DE0700F0002E /* Optimizer.cpp in Sources */,
				C061BC891BAA077500FB3A13 /* MutationAnalyse.cpp in Sources */,
				C0CE1E3A1B45DE0700F0002E /* World.cpp in Sources */,
				C0CE1E3D1B45DEAD00F0002E /* BlinkyWorld.cpp in Sources */,
				C0CE1E301B45DDDC00F0002E /* main.cpp in Sources */,
			);
			runOnlyForDeploymentPostprocessing = 0;
		};
		C0EB0E391BB9B88D00EEC5A0 /* Sources */ = {
			isa = PBXSourcesBuildPhase;
			buildActionMask = 2147483647;
			files = (
				C0EB0E471BB9B8FA00EEC5A0 /* MutationAnalyse.cpp in Sources */,
				C0EB0E481BB9B8FA00EEC5A0 /* MutationAnalyse.h in Sources */,
				C0EB0E491BB9B8FA00EEC5A0 /* Agent.cpp in Sources */,
				C0EB0E4A1BB9B8FA00EEC5A0 /* Agent.h in Sources */,
				C0EB0E4B1BB9B8FA00EEC5A0 /* Analyse.cpp in Sources */,
				C0EB0E4C1BB9B8FA00EEC5A0 /* Analyse.h in Sources */,
				C0EB0E4D1BB9B8FA00EEC5A0 /* Data.cpp in Sources */,
				C0EB0E4E1BB9B8FA00EEC5A0 /* Data.h in Sources */,
				C0EB0E4F1BB9B8FA00EEC5A0 /* Gate.cpp in Sources */,
				C0EB0E501BB9B8FA00EEC5A0 /* Gate.h in Sources */,
				C0EB0E511BB9B8FA00EEC5A0 /* Genome.cpp in Sources */,
				C0EB0E521BB9B8FA00EEC5A0 /* Genome.h in Sources */,
				C0EB0E531BB9B8FA00EEC5A0 /* Optimizer.cpp in Sources */,
				C0EB0E541BB9B8FA00EEC5A0 /* Optimizer.h in Sources */,
				C0EB0E551BB9B8FA00EEC5A0 /* World.cpp in Sources */,
				C0EB0E561BB9B8FA00EEC5A0 /* World.h in Sources */,
			);
			runOnlyForDeploymentPostprocessing = 0;
		};
		C0F787431B66481800921D66 /* Sources */ = {
			isa = PBXSourcesBuildPhase;
			buildActionMask = 2147483647;
			files = (
				C0F787511B667FD700921D66 /* Agent.cpp in Sources */,
				C0F787521B667FD700921D66 /* Analyse.cpp in Sources */,
				C0F787531B667FD700921D66 /* Data.cpp in Sources */,
				C0F787541B667FD700921D66 /* Gate.cpp in Sources */,
				C0F787551B667FD700921D66 /* Genome.cpp in Sources */,
				C0F787561B667FD700921D66 /* Optimizer.cpp in Sources */,
				C061BC8D1BAA077500FB3A13 /* MutationAnalyse.cpp in Sources */,
				C0F787571B667FD700921D66 /* World.cpp in Sources */,
				C0F7874A1B66481800921D66 /* main.cpp in Sources */,
				C0F787501B66486A00921D66 /* DecisionMakerWorld.cpp in Sources */,
			);
			runOnlyForDeploymentPostprocessing = 0;
		};
/* End PBXSourcesBuildPhase section */

/* Begin XCBuildConfiguration section */
		48E57B7A1BA2528400E630CC /* Debug */ = {
			isa = XCBuildConfiguration;
			buildSettings = {
				GCC_PREPROCESSOR_DEFINITIONS = (
					"DEBUG=1",
					"$(inherited)",
				);
				PRODUCT_NAME = HourGlass;
			};
			name = Debug;
		};
		48E57B7B1BA2528400E630CC /* Release */ = {
			isa = XCBuildConfiguration;
			buildSettings = {
				PRODUCT_NAME = HourGlass;
			};
			name = Release;
		};
		C028CD2B1B4B0B16003DD7E4 /* Debug */ = {
			isa = XCBuildConfiguration;
			buildSettings = {
				GCC_PREPROCESSOR_DEFINITIONS = (
					"DEBUG=1",
					"$(inherited)",
				);
				PRODUCT_NAME = "$(TARGET_NAME)";
			};
			name = Debug;
		};
		C028CD2C1B4B0B16003DD7E4 /* Release */ = {
			isa = XCBuildConfiguration;
			buildSettings = {
				PRODUCT_NAME = "$(TARGET_NAME)";
			};
			name = Release;
		};
		C028CD3B1B4B1977003DD7E4 /* Debug */ = {
			isa = XCBuildConfiguration;
			buildSettings = {
				GCC_PREPROCESSOR_DEFINITIONS = (
					"DEBUG=1",
					"$(inherited)",
				);
				PRODUCT_NAME = "$(TARGET_NAME)";
			};
			name = Debug;
		};
		C028CD3C1B4B1977003DD7E4 /* Release */ = {
			isa = XCBuildConfiguration;
			buildSettings = {
				PRODUCT_NAME = "$(TARGET_NAME)";
			};
			name = Release;
		};
		C03E159D1B9E138C007D4E8E /* Debug */ = {
			isa = XCBuildConfiguration;
			buildSettings = {
				GCC_PREPROCESSOR_DEFINITIONS = (
					"DEBUG=1",
					"$(inherited)",
				);
				PRODUCT_NAME = "$(TARGET_NAME)";
			};
			name = Debug;
		};
		C03E159E1B9E138C007D4E8E /* Release */ = {
			isa = XCBuildConfiguration;
			buildSettings = {
				PRODUCT_NAME = "$(TARGET_NAME)";
			};
			name = Release;
		};
		C0472A2E1B68D59B005F17FF /* Debug */ = {
			isa = XCBuildConfiguration;
			buildSettings = {
				GCC_PREPROCESSOR_DEFINITIONS = (
					"DEBUG=1",
					"$(inherited)",
				);
				PRODUCT_NAME = "$(TARGET_NAME)";
			};
			name = Debug;
		};
		C0472A2F1B68D59B005F17FF /* Release */ = {
			isa = XCBuildConfiguration;
			buildSettings = {
				PRODUCT_NAME = "$(TARGET_NAME)";
			};
			name = Release;
		};
		C0B6F3511B500D7D00457CC2 /* Debug */ = {
			isa = XCBuildConfiguration;
			buildSettings = {
				GCC_PREPROCESSOR_DEFINITIONS = (
					"DEBUG=1",
					"$(inherited)",
				);
				PRODUCT_NAME = "$(TARGET_NAME)";
			};
			name = Debug;
		};
		C0B6F3521B500D7D00457CC2 /* Release */ = {
			isa = XCBuildConfiguration;
			buildSettings = {
				PRODUCT_NAME = "$(TARGET_NAME)";
			};
			name = Release;
		};
		C0CE1DDD1B447E4800F0002E /* Debug */ = {
			isa = XCBuildConfiguration;
			buildSettings = {
				ALWAYS_SEARCH_USER_PATHS = NO;
				CLANG_CXX_LANGUAGE_STANDARD = "gnu++0x";
				CLANG_CXX_LIBRARY = "libc++";
				CLANG_ENABLE_MODULES = YES;
				CLANG_ENABLE_OBJC_ARC = YES;
				CLANG_WARN_BOOL_CONVERSION = YES;
				CLANG_WARN_CONSTANT_CONVERSION = YES;
				CLANG_WARN_DIRECT_OBJC_ISA_USAGE = YES_ERROR;
				CLANG_WARN_EMPTY_BODY = YES;
				CLANG_WARN_ENUM_CONVERSION = YES;
				CLANG_WARN_INT_CONVERSION = YES;
				CLANG_WARN_OBJC_ROOT_CLASS = YES_ERROR;
				CLANG_WARN_UNREACHABLE_CODE = YES;
				CLANG_WARN__DUPLICATE_METHOD_MATCH = YES;
				COPY_PHASE_STRIP = NO;
				DEBUG_INFORMATION_FORMAT = dwarf;
				ENABLE_STRICT_OBJC_MSGSEND = YES;
				GCC_C_LANGUAGE_STANDARD = gnu99;
				GCC_DYNAMIC_NO_PIC = NO;
				GCC_NO_COMMON_BLOCKS = YES;
				GCC_OPTIMIZATION_LEVEL = 0;
				GCC_PREPROCESSOR_DEFINITIONS = (
					"DEBUG=1",
					"$(inherited)",
				);
				GCC_SYMBOLS_PRIVATE_EXTERN = NO;
				GCC_WARN_64_TO_32_BIT_CONVERSION = YES;
				GCC_WARN_ABOUT_RETURN_TYPE = YES_ERROR;
				GCC_WARN_UNDECLARED_SELECTOR = YES;
				GCC_WARN_UNINITIALIZED_AUTOS = YES_AGGRESSIVE;
				GCC_WARN_UNUSED_FUNCTION = YES;
				GCC_WARN_UNUSED_VARIABLE = YES;
				MACOSX_DEPLOYMENT_TARGET = 10.10;
				MTL_ENABLE_DEBUG_INFO = YES;
				ONLY_ACTIVE_ARCH = YES;
				SDKROOT = macosx;
			};
			name = Debug;
		};
		C0CE1DDE1B447E4800F0002E /* Release */ = {
			isa = XCBuildConfiguration;
			buildSettings = {
				ALWAYS_SEARCH_USER_PATHS = NO;
				CLANG_CXX_LANGUAGE_STANDARD = "gnu++0x";
				CLANG_CXX_LIBRARY = "libc++";
				CLANG_ENABLE_MODULES = YES;
				CLANG_ENABLE_OBJC_ARC = YES;
				CLANG_WARN_BOOL_CONVERSION = YES;
				CLANG_WARN_CONSTANT_CONVERSION = YES;
				CLANG_WARN_DIRECT_OBJC_ISA_USAGE = YES_ERROR;
				CLANG_WARN_EMPTY_BODY = YES;
				CLANG_WARN_ENUM_CONVERSION = YES;
				CLANG_WARN_INT_CONVERSION = YES;
				CLANG_WARN_OBJC_ROOT_CLASS = YES_ERROR;
				CLANG_WARN_UNREACHABLE_CODE = YES;
				CLANG_WARN__DUPLICATE_METHOD_MATCH = YES;
				COPY_PHASE_STRIP = NO;
				DEBUG_INFORMATION_FORMAT = "dwarf-with-dsym";
				ENABLE_NS_ASSERTIONS = NO;
				ENABLE_STRICT_OBJC_MSGSEND = YES;
				GCC_C_LANGUAGE_STANDARD = gnu99;
				GCC_NO_COMMON_BLOCKS = YES;
				GCC_WARN_64_TO_32_BIT_CONVERSION = YES;
				GCC_WARN_ABOUT_RETURN_TYPE = YES_ERROR;
				GCC_WARN_UNDECLARED_SELECTOR = YES;
				GCC_WARN_UNINITIALIZED_AUTOS = YES_AGGRESSIVE;
				GCC_WARN_UNUSED_FUNCTION = YES;
				GCC_WARN_UNUSED_VARIABLE = YES;
				MACOSX_DEPLOYMENT_TARGET = 10.10;
				MTL_ENABLE_DEBUG_INFO = NO;
				SDKROOT = macosx;
			};
			name = Release;
		};
		C0CE1DE01B447E4800F0002E /* Debug */ = {
			isa = XCBuildConfiguration;
			buildSettings = {
				PRODUCT_NAME = "$(TARGET_NAME)";
			};
			name = Debug;
		};
		C0CE1DE11B447E4800F0002E /* Release */ = {
			isa = XCBuildConfiguration;
			buildSettings = {
				PRODUCT_NAME = "$(TARGET_NAME)";
			};
			name = Release;
		};
		C0CE1E001B447EAC00F0002E /* Debug */ = {
			isa = XCBuildConfiguration;
			buildSettings = {
				GCC_PREPROCESSOR_DEFINITIONS = (
					"DEBUG=1",
					"$(inherited)",
				);
				PRODUCT_NAME = "$(TARGET_NAME)";
			};
			name = Debug;
		};
		C0CE1E011B447EAC00F0002E /* Release */ = {
			isa = XCBuildConfiguration;
			buildSettings = {
				PRODUCT_NAME = "$(TARGET_NAME)";
			};
			name = Release;
		};
		C0CE1E1C1B447F1200F0002E /* Debug */ = {
			isa = XCBuildConfiguration;
			buildSettings = {
				GCC_PREPROCESSOR_DEFINITIONS = (
					"DEBUG=1",
					"$(inherited)",
				);
				PRODUCT_NAME = "$(TARGET_NAME)";
			};
			name = Debug;
		};
		C0CE1E1D1B447F1200F0002E /* Release */ = {
			isa = XCBuildConfiguration;
			buildSettings = {
				PRODUCT_NAME = "$(TARGET_NAME)";
			};
			name = Release;
		};
		C0CE1E321B45DDDC00F0002E /* Debug */ = {
			isa = XCBuildConfiguration;
			buildSettings = {
				GCC_PREPROCESSOR_DEFINITIONS = (
					"DEBUG=1",
					"$(inherited)",
				);
				PRODUCT_NAME = "$(TARGET_NAME)";
			};
			name = Debug;
		};
		C0CE1E331B45DDDC00F0002E /* Release */ = {
			isa = XCBuildConfiguration;
			buildSettings = {
				PRODUCT_NAME = "$(TARGET_NAME)";
			};
			name = Release;
		};
		C0EB0E411BB9B88D00EEC5A0 /* Debug */ = {
			isa = XCBuildConfiguration;
			buildSettings = {
				ENABLE_TESTABILITY = YES;
				PRODUCT_NAME = "$(TARGET_NAME)";
			};
			name = Debug;
		};
		C0EB0E421BB9B88D00EEC5A0 /* Release */ = {
			isa = XCBuildConfiguration;
			buildSettings = {
				PRODUCT_NAME = "$(TARGET_NAME)";
			};
			name = Release;
		};
		C0F7874B1B66481800921D66 /* Debug */ = {
			isa = XCBuildConfiguration;
			buildSettings = {
				GCC_PREPROCESSOR_DEFINITIONS = (
					"DEBUG=1",
					"$(inherited)",
				);
				PRODUCT_NAME = "$(TARGET_NAME)";
			};
			name = Debug;
		};
		C0F7874C1B66481800921D66 /* Release */ = {
			isa = XCBuildConfiguration;
			buildSettings = {
				PRODUCT_NAME = "$(TARGET_NAME)";
			};
			name = Release;
		};
/* End XCBuildConfiguration section */

/* Begin XCConfigurationList section */
		48E57B791BA2528400E630CC /* Build configuration list for PBXNativeTarget "HourGlass" */ = {
			isa = XCConfigurationList;
			buildConfigurations = (
				48E57B7A1BA2528400E630CC /* Debug */,
				48E57B7B1BA2528400E630CC /* Release */,
			);
			defaultConfigurationIsVisible = 0;
			defaultConfigurationName = Release;
		};
		C028CD2D1B4B0B16003DD7E4 /* Build configuration list for PBXNativeTarget "MadBotAI_simpleDemo" */ = {
			isa = XCConfigurationList;
			buildConfigurations = (
				C028CD2B1B4B0B16003DD7E4 /* Debug */,
				C028CD2C1B4B0B16003DD7E4 /* Release */,
			);
			defaultConfigurationIsVisible = 0;
			defaultConfigurationName = Release;
		};
		C028CD3D1B4B1977003DD7E4 /* Build configuration list for PBXNativeTarget "Hidato" */ = {
			isa = XCConfigurationList;
			buildConfigurations = (
				C028CD3B1B4B1977003DD7E4 /* Debug */,
				C028CD3C1B4B1977003DD7E4 /* Release */,
			);
			defaultConfigurationIsVisible = 0;
			defaultConfigurationName = Release;
		};
		C03E159F1B9E138C007D4E8E /* Build configuration list for PBXNativeTarget "BitBrain" */ = {
			isa = XCConfigurationList;
			buildConfigurations = (
				C03E159D1B9E138C007D4E8E /* Debug */,
				C03E159E1B9E138C007D4E8E /* Release */,
			);
			defaultConfigurationIsVisible = 0;
			defaultConfigurationName = Release;
		};
		C0472A301B68D59B005F17FF /* Build configuration list for PBXNativeTarget "ValueJudgementBrainSize" */ = {
			isa = XCConfigurationList;
			buildConfigurations = (
				C0472A2E1B68D59B005F17FF /* Debug */,
				C0472A2F1B68D59B005F17FF /* Release */,
			);
			defaultConfigurationIsVisible = 0;
			defaultConfigurationName = Release;
		};
		C0B6F3531B500D7D00457CC2 /* Build configuration list for PBXNativeTarget "phiFBlearner" */ = {
			isa = XCConfigurationList;
			buildConfigurations = (
				C0B6F3511B500D7D00457CC2 /* Debug */,
				C0B6F3521B500D7D00457CC2 /* Release */,
			);
			defaultConfigurationIsVisible = 0;
			defaultConfigurationName = Release;
		};
		C0CE1DD31B447E4700F0002E /* Build configuration list for PBXProject "BasicMarkovBrainTemplate" */ = {
			isa = XCConfigurationList;
			buildConfigurations = (
				C0CE1DDD1B447E4800F0002E /* Debug */,
				C0CE1DDE1B447E4800F0002E /* Release */,
			);
			defaultConfigurationIsVisible = 0;
			defaultConfigurationName = Release;
		};
		C0CE1DDF1B447E4800F0002E /* Build configuration list for PBXNativeTarget "BasicMarkovBrainTemplate" */ = {
			isa = XCConfigurationList;
			buildConfigurations = (
				C0CE1DE01B447E4800F0002E /* Debug */,
				C0CE1DE11B447E4800F0002E /* Release */,
			);
			defaultConfigurationIsVisible = 0;
			defaultConfigurationName = Release;
		};
		C0CE1DFF1B447EAC00F0002E /* Build configuration list for PBXNativeTarget "RedBlueBerry" */ = {
			isa = XCConfigurationList;
			buildConfigurations = (
				C0CE1E001B447EAC00F0002E /* Debug */,
				C0CE1E011B447EAC00F0002E /* Release */,
			);
			defaultConfigurationIsVisible = 0;
			defaultConfigurationName = Release;
		};
		C0CE1E1B1B447F1200F0002E /* Build configuration list for PBXNativeTarget "MadBotAI" */ = {
			isa = XCConfigurationList;
			buildConfigurations = (
				C0CE1E1C1B447F1200F0002E /* Debug */,
				C0CE1E1D1B447F1200F0002E /* Release */,
			);
			defaultConfigurationIsVisible = 0;
			defaultConfigurationName = Release;
		};
		C0CE1E311B45DDDC00F0002E /* Build configuration list for PBXNativeTarget "RobustNavigation" */ = {
			isa = XCConfigurationList;
			buildConfigurations = (
				C0CE1E321B45DDDC00F0002E /* Debug */,
				C0CE1E331B45DDDC00F0002E /* Release */,
			);
			defaultConfigurationIsVisible = 0;
			defaultConfigurationName = Release;
		};
		C0EB0E431BB9B88D00EEC5A0 /* Build configuration list for PBXNativeTarget "DummyTestExample" */ = {
			isa = XCConfigurationList;
			buildConfigurations = (
				C0EB0E411BB9B88D00EEC5A0 /* Debug */,
				C0EB0E421BB9B88D00EEC5A0 /* Release */,
			);
			defaultConfigurationIsVisible = 0;
		};
		C0F7874D1B66481800921D66 /* Build configuration list for PBXNativeTarget "DecisionMaker" */ = {
			isa = XCConfigurationList;
			buildConfigurations = (
				C0F7874B1B66481800921D66 /* Debug */,
				C0F7874C1B66481800921D66 /* Release */,
			);
			defaultConfigurationIsVisible = 0;
			defaultConfigurationName = Release;
		};
/* End XCConfigurationList section */
	};
	rootObject = C0CE1DD01B447E4700F0002E /* Project object */;
}
